// !$*UTF8*$!
{
	archiveVersion = 1;
	classes = {
	};
	objectVersion = 46;
	objects = {

/* Begin PBXBuildFile section */
		7F3484D91D32E2C3003E837B /* AppDelegate.swift in Sources */ = {isa = PBXBuildFile; fileRef = 7F3484D81D32E2C3003E837B /* AppDelegate.swift */; };
		7F3484DB1D32E2C3003E837B /* ViewController.swift in Sources */ = {isa = PBXBuildFile; fileRef = 7F3484DA1D32E2C3003E837B /* ViewController.swift */; };
		7F3484DE1D32E2C3003E837B /* Main.storyboard in Resources */ = {isa = PBXBuildFile; fileRef = 7F3484DC1D32E2C3003E837B /* Main.storyboard */; };
		7F3484E01D32E2C3003E837B /* Assets.xcassets in Resources */ = {isa = PBXBuildFile; fileRef = 7F3484DF1D32E2C3003E837B /* Assets.xcassets */; };
		7F3484E31D32E2C3003E837B /* LaunchScreen.storyboard in Resources */ = {isa = PBXBuildFile; fileRef = 7F3484E11D32E2C3003E837B /* LaunchScreen.storyboard */; };
/* End PBXBuildFile section */

/* Begin PBXFileReference section */
		7F3484D51D32E2C3003E837B /* NamespaceCollision.app */ = {isa = PBXFileReference; explicitFileType = wrapper.application; includeInIndex = 0; path = NamespaceCollision.app; sourceTree = BUILT_PRODUCTS_DIR; };
		7F3484D81D32E2C3003E837B /* AppDelegate.swift */ = {isa = PBXFileReference; lastKnownFileType = sourcecode.swift; path = AppDelegate.swift; sourceTree = "<group>"; };
		7F3484DA1D32E2C3003E837B /* ViewController.swift */ = {isa = PBXFileReference; lastKnownFileType = sourcecode.swift; path = ViewController.swift; sourceTree = "<group>"; };
		7F3484DD1D32E2C3003E837B /* Base */ = {isa = PBXFileReference; lastKnownFileType = file.storyboard; name = Base; path = Base.lproj/Main.storyboard; sourceTree = "<group>"; };
		7F3484DF1D32E2C3003E837B /* Assets.xcassets */ = {isa = PBXFileReference; lastKnownFileType = folder.assetcatalog; path = Assets.xcassets; sourceTree = "<group>"; };
		7F3484E21D32E2C3003E837B /* Base */ = {isa = PBXFileReference; lastKnownFileType = file.storyboard; name = Base; path = Base.lproj/LaunchScreen.storyboard; sourceTree = "<group>"; };
		7F3484E41D32E2C3003E837B /* Info.plist */ = {isa = PBXFileReference; lastKnownFileType = text.plist.xml; path = Info.plist; sourceTree = "<group>"; };
/* End PBXFileReference section */

/* Begin PBXFrameworksBuildPhase section */
		7F3484D21D32E2C3003E837B /* Frameworks */ = {
			isa = PBXFrameworksBuildPhase;
			buildActionMask = 2147483647;
			files = (
			);
			runOnlyForDeploymentPostprocessing = 0;
		};
/* End PBXFrameworksBuildPhase section */

/* Begin PBXGroup section */
		7F3484CC1D32E2C2003E837B = {
			isa = PBXGroup;
			children = (
				7F3484D71D32E2C3003E837B /* NamespaceCollision */,
				7F3484D61D32E2C3003E837B /* Products */,
			);
			sourceTree = "<group>";
		};
		7F3484D61D32E2C3003E837B /* Products */ = {
			isa = PBXGroup;
			children = (
				7F3484D51D32E2C3003E837B /* NamespaceCollision.app */,
			);
			name = Products;
			sourceTree = "<group>";
		};
		7F3484D71D32E2C3003E837B /* NamespaceCollision */ = {
			isa = PBXGroup;
			children = (
				7F3484D81D32E2C3003E837B /* AppDelegate.swift */,
				7F3484DA1D32E2C3003E837B /* ViewController.swift */,
				7F3484DC1D32E2C3003E837B /* Main.storyboard */,
				7F3484DF1D32E2C3003E837B /* Assets.xcassets */,
				7F3484E11D32E2C3003E837B /* LaunchScreen.storyboard */,
				7F3484E41D32E2C3003E837B /* Info.plist */,
			);
			path = NamespaceCollision;
			sourceTree = "<group>";
		};
/* End PBXGroup section */

/* Begin PBXNativeTarget section */
		7F3484D41D32E2C3003E837B /* NamespaceCollision */ = {
			isa = PBXNativeTarget;
			buildConfigurationList = 7F3484E71D32E2C3003E837B /* Build configuration list for PBXNativeTarget "NamespaceCollision" */;
			buildPhases = (
				7F3484D11D32E2C3003E837B /* Sources */,
				7F3484D21D32E2C3003E837B /* Frameworks */,
				7F3484D31D32E2C3003E837B /* Resources */,
			);
			buildRules = (
			);
			dependencies = (
			);
			name = NamespaceCollision;
			productName = NamespaceCollision;
			productReference = 7F3484D51D32E2C3003E837B /* NamespaceCollision.app */;
			productType = "com.apple.product-type.application";
		};
/* End PBXNativeTarget section */

/* Begin PBXProject section */
		7F3484CD1D32E2C2003E837B /* Project object */ = {
			isa = PBXProject;
			attributes = {
				LastSwiftUpdateCheck = 0800;
				LastUpgradeCheck = 0800;
				ORGANIZATIONNAME = "Derrick Ho";
				TargetAttributes = {
					7F3484D41D32E2C3003E837B = {
						CreatedOnToolsVersion = 8.0;
						ProvisioningStyle = Automatic;
					};
				};
			};
			buildConfigurationList = 7F3484D01D32E2C2003E837B /* Build configuration list for PBXProject "NamespaceCollision" */;
			compatibilityVersion = "Xcode 3.2";
			developmentRegion = English;
			hasScannedForEncodings = 0;
			knownRegions = (
				en,
				Base,
			);
			mainGroup = 7F3484CC1D32E2C2003E837B;
			productRefGroup = 7F3484D61D32E2C3003E837B /* Products */;
			projectDirPath = "";
			projectRoot = "";
			targets = (
				7F3484D41D32E2C3003E837B /* NamespaceCollision */,
			);
		};
/* End PBXProject section */

/* Begin PBXResourcesBuildPhase section */
		7F3484D31D32E2C3003E837B /* Resources */ = {
			isa = PBXResourcesBuildPhase;
			buildActionMask = 2147483647;
			files = (
				7F3484E31D32E2C3003E837B /* LaunchScreen.storyboard in Resources */,
				7F3484E01D32E2C3003E837B /* Assets.xcassets in Resources */,
				7F3484DE1D32E2C3003E837B /* Main.storyboard in Resources */,
			);
			runOnlyForDeploymentPostprocessing = 0;
		};
/* End PBXResourcesBuildPhase section */

/* Begin PBXSourcesBuildPhase section */
		7F3484D11D32E2C3003E837B /* Sources */ = {
			isa = PBXSourcesBuildPhase;
			buildActionMask = 2147483647;
			files = (
				7F3484DB1D32E2C3003E837B /* ViewController.swift in Sources */,
				7F3484D91D32E2C3003E837B /* AppDelegate.swift in Sources */,
			);
			runOnlyForDeploymentPostprocessing = 0;
		};
/* End PBXSourcesBuildPhase section */

/* Begin PBXVariantGroup section */
		7F3484DC1D32E2C3003E837B /* Main.storyboard */ = {
			isa = PBXVariantGroup;
			children = (
				7F3484DD1D32E2C3003E837B /* Base */,
			);
			name = Main.storyboard;
			sourceTree = "<group>";
		};
		7F3484E11D32E2C3003E837B /* LaunchScreen.storyboard */ = {
			isa = PBXVariantGroup;
			children = (
				7F3484E21D32E2C3003E837B /* Base */,
			);
			name = LaunchScreen.storyboard;
			sourceTree = "<group>";
		};
/* End PBXVariantGroup section */

/* Begin XCBuildConfiguration section */
		7F3484E51D32E2C3003E837B /* Debug */ = {
			isa = XCBuildConfiguration;
			buildSettings = {
				ALWAYS_SEARCH_USER_PATHS = NO;
				CLANG_ANALYZER_NONNULL = YES;
				CLANG_CXX_LANGUAGE_STANDARD = "gnu++0x";
				CLANG_CXX_LIBRARY = "libc++";
				CLANG_ENABLE_MODULES = YES;
				CLANG_ENABLE_OBJC_ARC = YES;
				CLANG_WARN_BOOL_CONVERSION = YES;
				CLANG_WARN_CONSTANT_CONVERSION = YES;
				CLANG_WARN_DIRECT_OBJC_ISA_USAGE = YES_ERROR;
				CLANG_WARN_DOCUMENTATION_COMMENTS = YES;
				CLANG_WARN_EMPTY_BODY = YES;
				CLANG_WARN_ENUM_CONVERSION = YES;
				CLANG_WARN_INT_CONVERSION = YES;
				CLANG_WARN_OBJC_ROOT_CLASS = YES_ERROR;
				CLANG_WARN_UNREACHABLE_CODE = YES;
				CLANG_WARN__DUPLICATE_METHOD_MATCH = YES;
				"CODE_SIGN_IDENTITY[sdk=iphoneos*]" = "iPhone Developer";
				COPY_PHASE_STRIP = NO;
				DEBUG_INFORMATION_FORMAT = dwarf;
				ENABLE_STRICT_OBJC_MSGSEND = YES;
				ENABLE_TESTABILITY = YES;
				GCC_C_LANGUAGE_STANDARD = gnu99;
				GCC_DYNAMIC_NO_PIC = NO;
				GCC_NO_COMMON_BLOCKS = YES;
				GCC_OPTIMIZATION_LEVEL = 0;
				GCC_PREPROCESSOR_DEFINITIONS = (
					"DEBUG=1",
					"$(inherited)",
				);
				GCC_WARN_64_TO_32_BIT_CONVERSION = YES;
				GCC_WARN_ABOUT_RETURN_TYPE = YES_ERROR;
				GCC_WARN_UNDECLARED_SELECTOR = YES;
				GCC_WARN_UNINITIALIZED_AUTOS = YES_AGGRESSIVE;
				GCC_WARN_UNUSED_FUNCTION = YES;
				GCC_WARN_UNUSED_VARIABLE = YES;
				IPHONEOS_DEPLOYMENT_TARGET = 10.0;
				MTL_ENABLE_DEBUG_INFO = YES;
				ONLY_ACTIVE_ARCH = YES;
				SDKROOT = iphoneos;
				SWIFT_ACTIVE_COMPILATION_CONDITIONS = DEBUG;
				SWIFT_OPTIMIZATION_LEVEL = "-Onone";
				TARGETED_DEVICE_FAMILY = "1,2";
			};
			name = Debug;
		};
		7F3484E61D32E2C3003E837B /* Release */ = {
			isa = XCBuildConfiguration;
			buildSettings = {
				ALWAYS_SEARCH_USER_PATHS = NO;
				CLANG_ANALYZER_NONNULL = YES;
				CLANG_CXX_LANGUAGE_STANDARD = "gnu++0x";
				CLANG_CXX_LIBRARY = "libc++";
				CLANG_ENABLE_MODULES = YES;
				CLANG_ENABLE_OBJC_ARC = YES;
				CLANG_WARN_BOOL_CONVERSION = YES;
				CLANG_WARN_CONSTANT_CONVERSION = YES;
				CLANG_WARN_DIRECT_OBJC_ISA_USAGE = YES_ERROR;
				CLANG_WARN_DOCUMENTATION_COMMENTS = YES;
				CLANG_WARN_EMPTY_BODY = YES;
				CLANG_WARN_ENUM_CONVERSION = YES;
				CLANG_WARN_INT_CONVERSION = YES;
				CLANG_WARN_OBJC_ROOT_CLASS = YES_ERROR;
				CLANG_WARN_UNREACHABLE_CODE = YES;
				CLANG_WARN__DUPLICATE_METHOD_MATCH = YES;
				"CODE_SIGN_IDENTITY[sdk=iphoneos*]" = "iPhone Developer";
				COPY_PHASE_STRIP = NO;
				DEBUG_INFORMATION_FORMAT = "dwarf-with-dsym";
				ENABLE_NS_ASSERTIONS = NO;
				ENABLE_STRICT_OBJC_MSGSEND = YES;
				GCC_C_LANGUAGE_STANDARD = gnu99;
				GCC_NO_COMMON_BLOCKS = YES;
				GCC_WARN_64_TO_32_BIT_CONVERSION = YES;
				GCC_WARN_ABOUT_RETURN_TYPE = YES_ERROR;
				GCC_WARN_UNDECLARED_SELECTOR = YES;
				GCC_WARN_UNINITIALIZED_AUTOS = YES_AGGRESSIVE;
				GCC_WARN_UNUSED_FUNCTION = YES;
				GCC_WARN_UNUSED_VARIABLE = YES;
				IPHONEOS_DEPLOYMENT_TARGET = 10.0;
				MTL_ENABLE_DEBUG_INFO = NO;
				SDKROOT = iphoneos;
				SWIFT_OPTIMIZATION_LEVEL = "-Owholemodule";
				TARGETED_DEVICE_FAMILY = "1,2";
				VALIDATE_PRODUCT = YES;
			};
			name = Release;
		};
		7F3484E81D32E2C3003E837B /* Debug */ = {
			isa = XCBuildConfiguration;
			buildSettings = {
				ASSETCATALOG_COMPILER_APPICON_NAME = AppIcon;
				INFOPLIST_FILE = NamespaceCollision/Info.plist;
				LD_RUNPATH_SEARCH_PATHS = "$(inherited) @executable_path/Frameworks";
				PRODUCT_BUNDLE_IDENTIFIER = dnthome.NamespaceCollision;
				PRODUCT_NAME = "$(TARGET_NAME)";
				SWIFT_VERSION = 3.0;
			};
			name = Debug;
		};
		7F3484E91D32E2C3003E837B /* Release */ = {
			isa = XCBuildConfiguration;
			buildSettings = {
				ASSETCATALOG_COMPILER_APPICON_NAME = AppIcon;
				INFOPLIST_FILE = NamespaceCollision/Info.plist;
				LD_RUNPATH_SEARCH_PATHS = "$(inherited) @executable_path/Frameworks";
				PRODUCT_BUNDLE_IDENTIFIER = dnthome.NamespaceCollision;
				PRODUCT_NAME = "$(TARGET_NAME)";
				SWIFT_VERSION = 3.0;
			};
			name = Release;
		};
/* End XCBuildConfiguration section */

/* Begin XCConfigurationList section */
		7F3484D01D32E2C2003E837B /* Build configuration list for PBXProject "NamespaceCollision" */ = {
			isa = XCConfigurationList;
			buildConfigurations = (
				7F3484E51D32E2C3003E837B /* Debug */,
				7F3484E61D32E2C3003E837B /* Release */,
			);
			defaultConfigurationIsVisible = 0;
			defaultConfigurationName = Release;
		};
		7F3484E71D32E2C3003E837B /* Build configuration list for PBXNativeTarget "NamespaceCollision" */ = {
			isa = XCConfigurationList;
			buildConfigurations = (
				7F3484E81D32E2C3003E837B /* Debug */,
				7F3484E91D32E2C3003E837B /* Release */,
			);
			defaultConfigurationIsVisible = 0;
		};
/* End XCConfigurationList section */
	};
	rootObject = 7F3484CD1D32E2C2003E837B /* Project object */;
}
